{
  "name": "task-2",
  "version": "1.0.0",
  "lockfileVersion": 2,
  "requires": true,
  "packages": {
    "": {
      "name": "task-2",
      "version": "1.0.0",
      "dependencies": {
        "rxjs": "^7.3.0",
        "typescript": "^4.4.3"
      }
    },
    "node_modules/rxjs": {
      "version": "7.3.0",
      "resolved": "https://registry.npmjs.org/rxjs/-/rxjs-7.3.0.tgz",
      "integrity": "sha512-p2yuGIg9S1epc3vrjKf6iVb3RCaAYjYskkO+jHIaV0IjOPlJop4UnodOoFb2xeNwlguqLYvGw1b1McillYb5Gw==",
      "dependencies": {
        "tslib": "~2.1.0"
      }
    },
    "node_modules/tslib": {
      "version": "2.1.0",
      "resolved": "https://registry.npmjs.org/tslib/-/tslib-2.1.0.tgz",
      "integrity": "sha512-hcVC3wYEziELGGmEEXue7D75zbwIIVUMWAVbHItGPx0ziyXxrOMQx4rQEVEV45Ut/1IotuEvwqPopzIOkDMf0A=="
    },
    "node_modules/typescript": {
      "version": "4.4.3",
      "resolved": "https://registry.npmjs.org/typescript/-/typescript-4.4.3.tgz",
      "integrity": "sha512-4xfscpisVgqqDfPaJo5vkd+Qd/ItkoagnHpufr+i2QCHBsNYp+G7UAoyFl8aPtx879u38wPV65rZ8qbGZijalA==",
      "bin": {
        "tsc": "bin/tsc",
        "tsserver": "bin/tsserver"
      },
      "engines": {
        "node": ">=4.2.0"
      }
    }
  },
  "dependencies": {
    "rxjs": {
      "version": "7.3.0",
      "resolved": "https://registry.npmjs.org/rxjs/-/rxjs-7.3.0.tgz",
      "integrity": "sha512-p2yuGIg9S1epc3vrjKf6iVb3RCaAYjYskkO+jHIaV0IjOPlJop4UnodOoFb2xeNwlguqLYvGw1b1McillYb5Gw==",
      "requires": {
        "tslib": "~2.1.0"
      }
    },
    "tslib": {
      "version": "2.1.0",
      "resolved": "https://registry.npmjs.org/tslib/-/tslib-2.1.0.tgz",
      "integrity": "sha512-hcVC3wYEziELGGmEEXue7D75zbwIIVUMWAVbHItGPx0ziyXxrOMQx4rQEVEV45Ut/1IotuEvwqPopzIOkDMf0A=="
    },
    "typescript": {
      "version": "4.4.3",
      "resolved": "https://registry.npmjs.org/typescript/-/typescript-4.4.3.tgz",
      "integrity": "sha512-4xfscpisVgqqDfPaJo5vkd+Qd/ItkoagnHpufr+i2QCHBsNYp+G7UAoyFl8aPtx879u38wPV65rZ8qbGZijalA=="
    }
  }
}
